<?xml version="1.0" encoding="UTF-8" standalone="yes" ?>
<CodeBlocks_project_file>
	<FileVersion major="1" minor="6" />
	<Project>
		<Option title="ProcessamentoImagens" />
		<Option pch_mode="2" />
		<Option compiler="gcc" />
		<Build>
			<Target title="Debug">
				<Option output="bin/Debug/ProcessamentoImagens" prefix_auto="1" extension_auto="1" />
				<Option object_output="obj/Debug/" />
				<Option type="1" />
				<Option compiler="gcc" />
				<Compiler>
					<Add option="-g" />
					<Add directory="$(#cv.include)" />
				</Compiler>
				<Linker>
					<Add library="/home/tiago/Programas/OpenCV-2.4.0/release/lib/libopencv_calib3d.so" />
					<Add library="/home/tiago/Programas/OpenCV-2.4.0/release/lib/libopencv_contrib.so" />
					<Add library="/home/tiago/Programas/OpenCV-2.4.0/release/lib/libopencv_core.so" />
					<Add library="/home/tiago/Programas/OpenCV-2.4.0/release/lib/libopencv_features2d.so" />
					<Add library="/home/tiago/Programas/OpenCV-2.4.0/release/lib/libopencv_flann.so" />
					<Add library="/home/tiago/Programas/OpenCV-2.4.0/release/lib/libopencv_gpu.so" />
					<Add library="/home/tiago/Programas/OpenCV-2.4.0/release/lib/libopencv_haartraining_engine.a" />
					<Add library="/home/tiago/Programas/OpenCV-2.4.0/release/lib/libopencv_highgui.so" />
					<Add library="/home/tiago/Programas/OpenCV-2.4.0/release/lib/libopencv_imgproc.so" />
					<Add library="/home/tiago/Programas/OpenCV-2.4.0/release/lib/libopencv_legacy.so" />
					<Add library="/home/tiago/Programas/OpenCV-2.4.0/release/lib/libopencv_ml.so" />
					<Add library="/home/tiago/Programas/OpenCV-2.4.0/release/lib/libopencv_nonfree.so" />
					<Add library="/home/tiago/Programas/OpenCV-2.4.0/release/lib/libopencv_objdetect.so" />
					<Add library="/home/tiago/Programas/OpenCV-2.4.0/release/lib/libopencv_photo.so" />
					<Add library="/home/tiago/Programas/OpenCV-2.4.0/release/lib/libopencv_stitching.so" />
					<Add library="/home/tiago/Programas/OpenCV-2.4.0/release/lib/libopencv_ts.so" />
					<Add library="/home/tiago/Programas/OpenCV-2.4.0/release/lib/libopencv_video.so" />
					<Add library="/home/tiago/Programas/OpenCV-2.4.0/release/lib/libopencv_videostab.so" />
					<Add directory="$(#cv.lib)" />
				</Linker>
			</Target>
			<Target title="Release">
				<Option output="bin/Release/ProcessamentoImagens" prefix_auto="1" extension_auto="1" />
				<Option object_output="obj/Release/" />
				<Option type="1" />
				<Option compiler="gcc" />
				<Compiler>
					<Add option="-O2" />
				</Compiler>
				<Linker>
					<Add option="-s" />
				</Linker>
			</Target>
		</Build>
		<Compiler>
			<Add option="-Wall" />
			<Add option="-fexceptions" />
		</Compiler>
		<Unit filename="classes/excecoes.cpp" />
		<Unit filename="classes/gui/MyFrame1.cpp" />
		<Unit filename="classes/imagem.cpp" />
		<Unit filename="include/excecoes.h" />
		<Unit filename="include/gui/frame.h" />
		<Unit filename="include/imagem.h" />
		<Unit filename="main.cpp" />
		<Extensions>
			<code_completion />
			<debugger />
		</Extensions>
	</Project>
</CodeBlocks_project_file>
